
Microsoft Visual Studio Solution File, Format Version 12.00
# Visual Studio 2012
Project("{FAE04EC0-301F-11D3-BF4B-00C04F79EFBC}") = "HTTP_Digest_Authentication", "HTTP_Digest_Authentication\HTTP_Digest_Authentication.csproj", "{A9BA2A1D-7A75-4808-8225-1F279EAD2F37}"
EndProject
Project("{FAE04EC0-301F-11D3-BF4B-00C04F79EFBC}") = "HTTP_Digest_Authentication.Tests", "HTTP_Digest_Authentication.Tests\HTTP_Digest_Authentication.Tests.csproj", "{BEB7AF8C-43E3-4292-90BB-03035D1B85C6}"
EndProject
Global
	GlobalSection(SolutionConfigurationPlatforms) = preSolution
		Debug|Any CPU = Debug|Any CPU
		Release|Any CPU = Release|Any CPU
	EndGlobalSection
	GlobalSection(ProjectConfigurationPlatforms) = postSolution
		{A9BA2A1D-7A75-4808-8225-1F279EAD2F37}.Debug|Any CPU.ActiveCfg = Debug|Any CPU
		{A9BA2A1D-7A75-4808-8225-1F279EAD2F37}.Debug|Any CPU.Build.0 = Debug|Any CPU
		{A9BA2A1D-7A75-4808-8225-1F279EAD2F37}.Release|Any CPU.ActiveCfg = Release|Any CPU
		{A9BA2A1D-7A75-4808-8225-1F279EAD2F37}.Release|Any CPU.Build.0 = Release|Any CPU
		{BEB7AF8C-43E3-4292-90BB-03035D1B85C6}.Debug|Any CPU.ActiveCfg = Debug|Any CPU
		{BEB7AF8C-43E3-4292-90BB-03035D1B85C6}.Debug|Any CPU.Build.0 = Debug|Any CPU
		{BEB7AF8C-43E3-4292-90BB-03035D1B85C6}.Release|Any CPU.ActiveCfg = Release|Any CPU
		{BEB7AF8C-43E3-4292-90BB-03035D1B85C6}.Release|Any CPU.Build.0 = Release|Any CPU
	EndGlobalSection
EndGlobal
