
Microsoft Visual Studio Solution File, Format Version 12.00
# Visual Studio 2012
Project("{FAE04EC0-301F-11D3-BF4B-00C04F79EFBC}") = "LabEncryptionCesarCipher", "LabEncryptionCesarCipher\LabEncryptionCesarCipher.csproj", "{390BAFBC-73D0-481F-9EE1-782FA7F0F6B9}"
EndProject
Project("{FAE04EC0-301F-11D3-BF4B-00C04F79EFBC}") = "LabEncryptionCesarCipher.Tests", "LabEncryptionCesarCipher.Tests\LabEncryptionCesarCipher.Tests.csproj", "{3C6262DF-336D-4581-9ED7-0F7852DC4886}"
EndProject
Global
	GlobalSection(SolutionConfigurationPlatforms) = preSolution
		Debug|Any CPU = Debug|Any CPU
		Release|Any CPU = Release|Any CPU
	EndGlobalSection
	GlobalSection(ProjectConfigurationPlatforms) = postSolution
		{390BAFBC-73D0-481F-9EE1-782FA7F0F6B9}.Debug|Any CPU.ActiveCfg = Debug|Any CPU
		{390BAFBC-73D0-481F-9EE1-782FA7F0F6B9}.Debug|Any CPU.Build.0 = Debug|Any CPU
		{390BAFBC-73D0-481F-9EE1-782FA7F0F6B9}.Release|Any CPU.ActiveCfg = Release|Any CPU
		{390BAFBC-73D0-481F-9EE1-782FA7F0F6B9}.Release|Any CPU.Build.0 = Release|Any CPU
		{3C6262DF-336D-4581-9ED7-0F7852DC4886}.Debug|Any CPU.ActiveCfg = Debug|Any CPU
		{3C6262DF-336D-4581-9ED7-0F7852DC4886}.Debug|Any CPU.Build.0 = Debug|Any CPU
		{3C6262DF-336D-4581-9ED7-0F7852DC4886}.Release|Any CPU.ActiveCfg = Release|Any CPU
		{3C6262DF-336D-4581-9ED7-0F7852DC4886}.Release|Any CPU.Build.0 = Release|Any CPU
	EndGlobalSection
EndGlobal
