
Microsoft Visual Studio Solution File, Format Version 12.00
# Visual Studio 2012
Project("{FAE04EC0-301F-11D3-BF4B-00C04F79EFBC}") = "SSO-M183", "SSO-M183\SSO-M183.csproj", "{2E62CCCD-B586-4AC8-AEC6-A04E95496C7C}"
EndProject
Project("{FAE04EC0-301F-11D3-BF4B-00C04F79EFBC}") = "SSO-M183.Tests", "SSO-M183.Tests\SSO-M183.Tests.csproj", "{4EFDAD03-4EA0-4FB4-9F36-489FD8499031}"
EndProject
Global
	GlobalSection(SolutionConfigurationPlatforms) = preSolution
		Debug|Any CPU = Debug|Any CPU
		Release|Any CPU = Release|Any CPU
	EndGlobalSection
	GlobalSection(ProjectConfigurationPlatforms) = postSolution
		{2E62CCCD-B586-4AC8-AEC6-A04E95496C7C}.Debug|Any CPU.ActiveCfg = Debug|Any CPU
		{2E62CCCD-B586-4AC8-AEC6-A04E95496C7C}.Debug|Any CPU.Build.0 = Debug|Any CPU
		{2E62CCCD-B586-4AC8-AEC6-A04E95496C7C}.Release|Any CPU.ActiveCfg = Release|Any CPU
		{2E62CCCD-B586-4AC8-AEC6-A04E95496C7C}.Release|Any CPU.Build.0 = Release|Any CPU
		{4EFDAD03-4EA0-4FB4-9F36-489FD8499031}.Debug|Any CPU.ActiveCfg = Debug|Any CPU
		{4EFDAD03-4EA0-4FB4-9F36-489FD8499031}.Debug|Any CPU.Build.0 = Debug|Any CPU
		{4EFDAD03-4EA0-4FB4-9F36-489FD8499031}.Release|Any CPU.ActiveCfg = Release|Any CPU
		{4EFDAD03-4EA0-4FB4-9F36-489FD8499031}.Release|Any CPU.Build.0 = Release|Any CPU
	EndGlobalSection
EndGlobal
